
Microsoft Visual Studio Solution File, Format Version 11.00
# Visual Studio 2010
Project("{FAE04EC0-301F-11D3-BF4B-00C04F79EFBC}") = "AV1-UnityEditor-master", "Assembly-CSharp.csproj", "{B7C575DD-7162-EB87-65F5-AD90E5DE0AAF}"
EndProject
Project("{FAE04EC0-301F-11D3-BF4B-00C04F79EFBC}") = "AV1-UnityEditor-master", "Assembly-CSharp-Editor.csproj", "{28D2DE23-F1B4-323B-B2F4-5CD12EB3FEE3}"
EndProject
Global
	GlobalSection(SolutionConfigurationPlatforms) = preSolution
		Debug|Any CPU = Debug|Any CPU
		Release|Any CPU = Release|Any CPU
	EndGlobalSection
	GlobalSection(ProjectConfigurationPlatforms) = postSolution
		{B7C575DD-7162-EB87-65F5-AD90E5DE0AAF}.Debug|Any CPU.ActiveCfg = Debug|Any CPU
		{B7C575DD-7162-EB87-65F5-AD90E5DE0AAF}.Debug|Any CPU.Build.0 = Debug|Any CPU
		{B7C575DD-7162-EB87-65F5-AD90E5DE0AAF}.Release|Any CPU.ActiveCfg = Release|Any CPU
		{B7C575DD-7162-EB87-65F5-AD90E5DE0AAF}.Release|Any CPU.Build.0 = Release|Any CPU
		{28D2DE23-F1B4-323B-B2F4-5CD12EB3FEE3}.Debug|Any CPU.ActiveCfg = Debug|Any CPU
		{28D2DE23-F1B4-323B-B2F4-5CD12EB3FEE3}.Debug|Any CPU.Build.0 = Debug|Any CPU
		{28D2DE23-F1B4-323B-B2F4-5CD12EB3FEE3}.Release|Any CPU.ActiveCfg = Release|Any CPU
		{28D2DE23-F1B4-323B-B2F4-5CD12EB3FEE3}.Release|Any CPU.Build.0 = Release|Any CPU
	EndGlobalSection
	GlobalSection(SolutionProperties) = preSolution
		HideSolutionNode = FALSE
	EndGlobalSection
	GlobalSection(MonoDevelopProperties) = preSolution
		StartupItem = Assembly-CSharp.csproj
	EndGlobalSection
EndGlobal
