
Microsoft Visual Studio Solution File, Format Version 12.00
# Visual Studio 2015
Project("{FAE04EC0-301F-11D3-BF4B-00C04F79EFBC}") = "AV1", "AV1.csproj", "{AEC5F8A4-20E6-74D9-62B0-833FD9E3DC5C}"
EndProject
Project("{FAE04EC0-301F-11D3-BF4B-00C04F79EFBC}") = "AV1.Editor", "AV1.Editor.csproj", "{59B9C4DF-AE13-68A8-0326-8EF50B8AE9E8}"
EndProject
Global
	GlobalSection(SolutionConfigurationPlatforms) = preSolution
		Debug|Any CPU = Debug|Any CPU
		Release|Any CPU = Release|Any CPU
	EndGlobalSection
	GlobalSection(ProjectConfigurationPlatforms) = postSolution
		{AEC5F8A4-20E6-74D9-62B0-833FD9E3DC5C}.Debug|Any CPU.ActiveCfg = Debug|Any CPU
		{AEC5F8A4-20E6-74D9-62B0-833FD9E3DC5C}.Debug|Any CPU.Build.0 = Debug|Any CPU
		{AEC5F8A4-20E6-74D9-62B0-833FD9E3DC5C}.Release|Any CPU.ActiveCfg = Release|Any CPU
		{AEC5F8A4-20E6-74D9-62B0-833FD9E3DC5C}.Release|Any CPU.Build.0 = Release|Any CPU
		{59B9C4DF-AE13-68A8-0326-8EF50B8AE9E8}.Debug|Any CPU.ActiveCfg = Debug|Any CPU
		{59B9C4DF-AE13-68A8-0326-8EF50B8AE9E8}.Debug|Any CPU.Build.0 = Debug|Any CPU
		{59B9C4DF-AE13-68A8-0326-8EF50B8AE9E8}.Release|Any CPU.ActiveCfg = Release|Any CPU
		{59B9C4DF-AE13-68A8-0326-8EF50B8AE9E8}.Release|Any CPU.Build.0 = Release|Any CPU
	EndGlobalSection
	GlobalSection(SolutionProperties) = preSolution
		HideSolutionNode = FALSE
	EndGlobalSection
EndGlobal
